
Microsoft Visual Studio Solution File, Format Version 12.00
# Visual Studio Version 17
VisualStudioVersion = 17.14.36623.8 d17.14
MinimumVisualStudioVersion = 10.0.40219.1
Project("{FAE04EC0-301F-11D3-BF4B-00C04F79EFBC}") = "htmldesign4", "htmldesign4.csproj", "{1C501A7A-6129-4319-884A-FA38FE73C56F}"
EndProject
Global
	GlobalSection(SolutionConfigurationPlatforms) = preSolution
		Debug|Any CPU = Debug|Any CPU
		Release|Any CPU = Release|Any CPU
	EndGlobalSection
	GlobalSection(ProjectConfigurationPlatforms) = postSolution
		{1C501A7A-6129-4319-884A-FA38FE73C56F}.Debug|Any CPU.ActiveCfg = Debug|Any CPU
		{1C501A7A-6129-4319-884A-FA38FE73C56F}.Debug|Any CPU.Build.0 = Debug|Any CPU
		{1C501A7A-6129-4319-884A-FA38FE73C56F}.Release|Any CPU.ActiveCfg = Release|Any CPU
		{1C501A7A-6129-4319-884A-FA38FE73C56F}.Release|Any CPU.Build.0 = Release|Any CPU
	EndGlobalSection
	GlobalSection(SolutionProperties) = preSolution
		HideSolutionNode = FALSE
	EndGlobalSection
	GlobalSection(ExtensibilityGlobals) = postSolution
		SolutionGuid = {A515A558-51AD-453C-9FDC-00D3EBE5841C}
	EndGlobalSection
EndGlobal
